
Microsoft Visual Studio Solution File, Format Version 12.00
# Visual Studio Version 17
VisualStudioVersion = 17.5.002.0
MinimumVisualStudioVersion = 10.0.40219.1
Project("{9A19103F-16F7-4668-BE54-9A1E7A4F7556}") = "ChatApp", "ChatApp\ChatApp.csproj", "{80C6E5F0-525F-434D-9CC0-03EA0E13CCBD}"
EndProject
Global
	GlobalSection(SolutionConfigurationPlatforms) = preSolution
		Debug|Any CPU = Debug|Any CPU
		Release|Any CPU = Release|Any CPU
	EndGlobalSection
	GlobalSection(ProjectConfigurationPlatforms) = postSolution
		{80C6E5F0-525F-434D-9CC0-03EA0E13CCBD}.Debug|Any CPU.ActiveCfg = Debug|Any CPU
		{80C6E5F0-525F-434D-9CC0-03EA0E13CCBD}.Debug|Any CPU.Build.0 = Debug|Any CPU
		{80C6E5F0-525F-434D-9CC0-03EA0E13CCBD}.Release|Any CPU.ActiveCfg = Release|Any CPU
		{80C6E5F0-525F-434D-9CC0-03EA0E13CCBD}.Release|Any CPU.Build.0 = Release|Any CPU
	EndGlobalSection
	GlobalSection(SolutionProperties) = preSolution
		HideSolutionNode = FALSE
	EndGlobalSection
	GlobalSection(ExtensibilityGlobals) = postSolution
		SolutionGuid = {5B2DDDE6-184C-41AA-B94C-7B0F8BD8254A}
	EndGlobalSection
EndGlobal
